// !$*UTF8*$!
{
	archiveVersion = 1;
	classes = {
	};
	objectVersion = 55;
	objects = {

/* Begin PBXBuildFile section */
		943B9934287D21AA00307DE9 /* Twenty20_Break_TimerApp.swift in Sources */ = {isa = PBXBuildFile; fileRef = 943B9933287D21AA00307DE9 /* Twenty20_Break_TimerApp.swift */; };
		943B9936287D21AA00307DE9 /* ContentView.swift in Sources */ = {isa = PBXBuildFile; fileRef = 943B9935287D21AA00307DE9 /* ContentView.swift */; };
		943B9938287D21AC00307DE9 /* Assets.xcassets in Resources */ = {isa = PBXBuildFile; fileRef = 943B9937287D21AC00307DE9 /* Assets.xcassets */; };
		943B993B287D21AC00307DE9 /* Preview Assets.xcassets in Resources */ = {isa = PBXBuildFile; fileRef = 943B993A287D21AC00307DE9 /* Preview Assets.xcassets */; };
		943B9946287D21AC00307DE9 /* Twenty20_Break_TimerTests.swift in Sources */ = {isa = PBXBuildFile; fileRef = 943B9945287D21AC00307DE9 /* Twenty20_Break_TimerTests.swift */; };
		943B9950287D21AC00307DE9 /* Twenty20_Break_TimerUITests.swift in Sources */ = {isa = PBXBuildFile; fileRef = 943B994F287D21AC00307DE9 /* Twenty20_Break_TimerUITests.swift */; };
		943B9952287D21AC00307DE9 /* Twenty20_Break_TimerUITestsLaunchTests.swift in Sources */ = {isa = PBXBuildFile; fileRef = 943B9951287D21AC00307DE9 /* Twenty20_Break_TimerUITestsLaunchTests.swift */; };
		943B995F287D253C00307DE9 /* AppDelegate.swift in Sources */ = {isa = PBXBuildFile; fileRef = 943B995E287D253C00307DE9 /* AppDelegate.swift */; };
		947AC80B287E2C770075F50F /* PersistenceManager.swift in Sources */ = {isa = PBXBuildFile; fileRef = 947AC80A287E2C770075F50F /* PersistenceManager.swift */; };
		947AC80D287E36230075F50F /* Timer.swift in Sources */ = {isa = PBXBuildFile; fileRef = 947AC80C287E36230075F50F /* Timer.swift */; };
/* End PBXBuildFile section */

/* Begin PBXContainerItemProxy section */
		943B9942287D21AC00307DE9 /* PBXContainerItemProxy */ = {
			isa = PBXContainerItemProxy;
			containerPortal = 943B9928287D21AA00307DE9 /* Project object */;
			proxyType = 1;
			remoteGlobalIDString = 943B992F287D21AA00307DE9;
			remoteInfo = "Twenty20 Break Timer";
		};
		943B994C287D21AC00307DE9 /* PBXContainerItemProxy */ = {
			isa = PBXContainerItemProxy;
			containerPortal = 943B9928287D21AA00307DE9 /* Project object */;
			proxyType = 1;
			remoteGlobalIDString = 943B992F287D21AA00307DE9;
			remoteInfo = "Twenty20 Break Timer";
		};
/* End PBXContainerItemProxy section */

/* Begin PBXFileReference section */
		943B9930287D21AA00307DE9 /* Twenty20 Break Timer.app */ = {isa = PBXFileReference; explicitFileType = wrapper.application; includeInIndex = 0; path = "Twenty20 Break Timer.app"; sourceTree = BUILT_PRODUCTS_DIR; };
		943B9933287D21AA00307DE9 /* Twenty20_Break_TimerApp.swift */ = {isa = PBXFileReference; lastKnownFileType = sourcecode.swift; path = Twenty20_Break_TimerApp.swift; sourceTree = "<group>"; };
		943B9935287D21AA00307DE9 /* ContentView.swift */ = {isa = PBXFileReference; lastKnownFileType = sourcecode.swift; path = ContentView.swift; sourceTree = "<group>"; };
		943B9937287D21AC00307DE9 /* Assets.xcassets */ = {isa = PBXFileReference; lastKnownFileType = folder.assetcatalog; path = Assets.xcassets; sourceTree = "<group>"; };
		943B993A287D21AC00307DE9 /* Preview Assets.xcassets */ = {isa = PBXFileReference; lastKnownFileType = folder.assetcatalog; path = "Preview Assets.xcassets"; sourceTree = "<group>"; };
		943B993C287D21AC00307DE9 /* Twenty20_Break_Timer.entitlements */ = {isa = PBXFileReference; lastKnownFileType = text.plist.entitlements; path = Twenty20_Break_Timer.entitlements; sourceTree = "<group>"; };
		943B9941287D21AC00307DE9 /* Twenty20 Break TimerTests.xctest */ = {isa = PBXFileReference; explicitFileType = wrapper.cfbundle; includeInIndex = 0; path = "Twenty20 Break TimerTests.xctest"; sourceTree = BUILT_PRODUCTS_DIR; };
		943B9945287D21AC00307DE9 /* Twenty20_Break_TimerTests.swift */ = {isa = PBXFileReference; lastKnownFileType = sourcecode.swift; path = Twenty20_Break_TimerTests.swift; sourceTree = "<group>"; };
		943B994B287D21AC00307DE9 /* Twenty20 Break TimerUITests.xctest */ = {isa = PBXFileReference; explicitFileType = wrapper.cfbundle; includeInIndex = 0; path = "Twenty20 Break TimerUITests.xctest"; sourceTree = BUILT_PRODUCTS_DIR; };
		943B994F287D21AC00307DE9 /* Twenty20_Break_TimerUITests.swift */ = {isa = PBXFileReference; lastKnownFileType = sourcecode.swift; path = Twenty20_Break_TimerUITests.swift; sourceTree = "<group>"; };
		943B9951287D21AC00307DE9 /* Twenty20_Break_TimerUITestsLaunchTests.swift */ = {isa = PBXFileReference; lastKnownFileType = sourcecode.swift; path = Twenty20_Break_TimerUITestsLaunchTests.swift; sourceTree = "<group>"; };
		943B995E287D253C00307DE9 /* AppDelegate.swift */ = {isa = PBXFileReference; lastKnownFileType = sourcecode.swift; path = AppDelegate.swift; sourceTree = "<group>"; };
		947AC80A287E2C770075F50F /* PersistenceManager.swift */ = {isa = PBXFileReference; lastKnownFileType = sourcecode.swift; path = PersistenceManager.swift; sourceTree = "<group>"; };
		947AC80C287E36230075F50F /* Timer.swift */ = {isa = PBXFileReference; lastKnownFileType = sourcecode.swift; path = Timer.swift; sourceTree = "<group>"; };
/* End PBXFileReference section */

/* Begin PBXFrameworksBuildPhase section */
		943B992D287D21AA00307DE9 /* Frameworks */ = {
			isa = PBXFrameworksBuildPhase;
			buildActionMask = 2147483647;
			files = (
			);
			runOnlyForDeploymentPostprocessing = 0;
		};
		943B993E287D21AC00307DE9 /* Frameworks */ = {
			isa = PBXFrameworksBuildPhase;
			buildActionMask = 2147483647;
			files = (
			);
			runOnlyForDeploymentPostprocessing = 0;
		};
		943B9948287D21AC00307DE9 /* Frameworks */ = {
			isa = PBXFrameworksBuildPhase;
			buildActionMask = 2147483647;
			files = (
			);
			runOnlyForDeploymentPostprocessing = 0;
		};
/* End PBXFrameworksBuildPhase section */

/* Begin PBXGroup section */
		943B9927287D21AA00307DE9 = {
			isa = PBXGroup;
			children = (
				943B9932287D21AA00307DE9 /* Twenty20 Break Timer */,
				943B9944287D21AC00307DE9 /* Twenty20 Break TimerTests */,
				943B994E287D21AC00307DE9 /* Twenty20 Break TimerUITests */,
				943B9931287D21AA00307DE9 /* Products */,
			);
			sourceTree = "<group>";
		};
		943B9931287D21AA00307DE9 /* Products */ = {
			isa = PBXGroup;
			children = (
				943B9930287D21AA00307DE9 /* Twenty20 Break Timer.app */,
				943B9941287D21AC00307DE9 /* Twenty20 Break TimerTests.xctest */,
				943B994B287D21AC00307DE9 /* Twenty20 Break TimerUITests.xctest */,
			);
			name = Products;
			sourceTree = "<group>";
		};
		943B9932287D21AA00307DE9 /* Twenty20 Break Timer */ = {
			isa = PBXGroup;
			children = (
				943B9933287D21AA00307DE9 /* Twenty20_Break_TimerApp.swift */,
				943B9935287D21AA00307DE9 /* ContentView.swift */,
				943B9937287D21AC00307DE9 /* Assets.xcassets */,
				943B993C287D21AC00307DE9 /* Twenty20_Break_Timer.entitlements */,
				943B9939287D21AC00307DE9 /* Preview Content */,
				943B995E287D253C00307DE9 /* AppDelegate.swift */,
				947AC80A287E2C770075F50F /* PersistenceManager.swift */,
				947AC80C287E36230075F50F /* Timer.swift */,
			);
			path = "Twenty20 Break Timer";
			sourceTree = "<group>";
		};
		943B9939287D21AC00307DE9 /* Preview Content */ = {
			isa = PBXGroup;
			children = (
				943B993A287D21AC00307DE9 /* Preview Assets.xcassets */,
			);
			path = "Preview Content";
			sourceTree = "<group>";
		};
		943B9944287D21AC00307DE9 /* Twenty20 Break TimerTests */ = {
			isa = PBXGroup;
			children = (
				943B9945287D21AC00307DE9 /* Twenty20_Break_TimerTests.swift */,
			);
			path = "Twenty20 Break TimerTests";
			sourceTree = "<group>";
		};
		943B994E287D21AC00307DE9 /* Twenty20 Break TimerUITests */ = {
			isa = PBXGroup;
			children = (
				943B994F287D21AC00307DE9 /* Twenty20_Break_TimerUITests.swift */,
				943B9951287D21AC00307DE9 /* Twenty20_Break_TimerUITestsLaunchTests.swift */,
			);
			path = "Twenty20 Break TimerUITests";
			sourceTree = "<group>";
		};
/* End PBXGroup section */

/* Begin PBXNativeTarget section */
		943B992F287D21AA00307DE9 /* Twenty20 Break Timer */ = {
			isa = PBXNativeTarget;
			buildConfigurationList = 943B9955287D21AC00307DE9 /* Build configuration list for PBXNativeTarget "Twenty20 Break Timer" */;
			buildPhases = (
				943B992C287D21AA00307DE9 /* Sources */,
				943B992D287D21AA00307DE9 /* Frameworks */,
				943B992E287D21AA00307DE9 /* Resources */,
			);
			buildRules = (
			);
			dependencies = (
			);
			name = "Twenty20 Break Timer";
			productName = "Twenty20 Break Timer";
			productReference = 943B9930287D21AA00307DE9 /* Twenty20 Break Timer.app */;
			productType = "com.apple.product-type.application";
		};
		943B9940287D21AC00307DE9 /* Twenty20 Break TimerTests */ = {
			isa = PBXNativeTarget;
			buildConfigurationList = 943B9958287D21AC00307DE9 /* Build configuration list for PBXNativeTarget "Twenty20 Break TimerTests" */;
			buildPhases = (
				943B993D287D21AC00307DE9 /* Sources */,
				943B993E287D21AC00307DE9 /* Frameworks */,
				943B993F287D21AC00307DE9 /* Resources */,
			);
			buildRules = (
			);
			dependencies = (
				943B9943287D21AC00307DE9 /* PBXTargetDependency */,
			);
			name = "Twenty20 Break TimerTests";
			productName = "Twenty20 Break TimerTests";
			productReference = 943B9941287D21AC00307DE9 /* Twenty20 Break TimerTests.xctest */;
			productType = "com.apple.product-type.bundle.unit-test";
		};
		943B994A287D21AC00307DE9 /* Twenty20 Break TimerUITests */ = {
			isa = PBXNativeTarget;
			buildConfigurationList = 943B995B287D21AC00307DE9 /* Build configuration list for PBXNativeTarget "Twenty20 Break TimerUITests" */;
			buildPhases = (
				943B9947287D21AC00307DE9 /* Sources */,
				943B9948287D21AC00307DE9 /* Frameworks */,
				943B9949287D21AC00307DE9 /* Resources */,
			);
			buildRules = (
			);
			dependencies = (
				943B994D287D21AC00307DE9 /* PBXTargetDependency */,
			);
			name = "Twenty20 Break TimerUITests";
			productName = "Twenty20 Break TimerUITests";
			productReference = 943B994B287D21AC00307DE9 /* Twenty20 Break TimerUITests.xctest */;
			productType = "com.apple.product-type.bundle.ui-testing";
		};
/* End PBXNativeTarget section */

/* Begin PBXProject section */
		943B9928287D21AA00307DE9 /* Project object */ = {
			isa = PBXProject;
			attributes = {
				BuildIndependentTargetsInParallel = 1;
				LastSwiftUpdateCheck = 1340;
				LastUpgradeCheck = 1340;
				TargetAttributes = {
					943B992F287D21AA00307DE9 = {
						CreatedOnToolsVersion = 13.4.1;
					};
					943B9940287D21AC00307DE9 = {
						CreatedOnToolsVersion = 13.4.1;
						TestTargetID = 943B992F287D21AA00307DE9;
					};
					943B994A287D21AC00307DE9 = {
						CreatedOnToolsVersion = 13.4.1;
						TestTargetID = 943B992F287D21AA00307DE9;
					};
				};
			};
			buildConfigurationList = 943B992B287D21AA00307DE9 /* Build configuration list for PBXProject "Twenty20 Break Timer" */;
			compatibilityVersion = "Xcode 13.0";
			developmentRegion = en;
			hasScannedForEncodings = 0;
			knownRegions = (
				en,
				Base,
			);
			mainGroup = 943B9927287D21AA00307DE9;
			productRefGroup = 943B9931287D21AA00307DE9 /* Products */;
			projectDirPath = "";
			projectRoot = "";
			targets = (
				943B992F287D21AA00307DE9 /* Twenty20 Break Timer */,
				943B9940287D21AC00307DE9 /* Twenty20 Break TimerTests */,
				943B994A287D21AC00307DE9 /* Twenty20 Break TimerUITests */,
			);
		};
/* End PBXProject section */

/* Begin PBXResourcesBuildPhase section */
		943B992E287D21AA00307DE9 /* Resources */ = {
			isa = PBXResourcesBuildPhase;
			buildActionMask = 2147483647;
			files = (
				943B993B287D21AC00307DE9 /* Preview Assets.xcassets in Resources */,
				943B9938287D21AC00307DE9 /* Assets.xcassets in Resources */,
			);
			runOnlyForDeploymentPostprocessing = 0;
		};
		943B993F287D21AC00307DE9 /* Resources */ = {
			isa = PBXResourcesBuildPhase;
			buildActionMask = 2147483647;
			files = (
			);
			runOnlyForDeploymentPostprocessing = 0;
		};
		943B9949287D21AC00307DE9 /* Resources */ = {
			isa = PBXResourcesBuildPhase;
			buildActionMask = 2147483647;
			files = (
			);
			runOnlyForDeploymentPostprocessing = 0;
		};
/* End PBXResourcesBuildPhase section */

/* Begin PBXSourcesBuildPhase section */
		943B992C287D21AA00307DE9 /* Sources */ = {
			isa = PBXSourcesBuildPhase;
			buildActionMask = 2147483647;
			files = (
				943B995F287D253C00307DE9 /* AppDelegate.swift in Sources */,
				943B9936287D21AA00307DE9 /* ContentView.swift in Sources */,
				943B9934287D21AA00307DE9 /* Twenty20_Break_TimerApp.swift in Sources */,
				947AC80D287E36230075F50F /* Timer.swift in Sources */,
				947AC80B287E2C770075F50F /* PersistenceManager.swift in Sources */,
			);
			runOnlyForDeploymentPostprocessing = 0;
		};
		943B993D287D21AC00307DE9 /* Sources */ = {
			isa = PBXSourcesBuildPhase;
			buildActionMask = 2147483647;
			files = (
				943B9946287D21AC00307DE9 /* Twenty20_Break_TimerTests.swift in Sources */,
			);
			runOnlyForDeploymentPostprocessing = 0;
		};
		943B9947287D21AC00307DE9 /* Sources */ = {
			isa = PBXSourcesBuildPhase;
			buildActionMask = 2147483647;
			files = (
				943B9950287D21AC00307DE9 /* Twenty20_Break_TimerUITests.swift in Sources */,
				943B9952287D21AC00307DE9 /* Twenty20_Break_TimerUITestsLaunchTests.swift in Sources */,
			);
			runOnlyForDeploymentPostprocessing = 0;
		};
/* End PBXSourcesBuildPhase section */

/* Begin PBXTargetDependency section */
		943B9943287D21AC00307DE9 /* PBXTargetDependency */ = {
			isa = PBXTargetDependency;
			target = 943B992F287D21AA00307DE9 /* Twenty20 Break Timer */;
			targetProxy = 943B9942287D21AC00307DE9 /* PBXContainerItemProxy */;
		};
		943B994D287D21AC00307DE9 /* PBXTargetDependency */ = {
			isa = PBXTargetDependency;
			target = 943B992F287D21AA00307DE9 /* Twenty20 Break Timer */;
			targetProxy = 943B994C287D21AC00307DE9 /* PBXContainerItemProxy */;
		};
/* End PBXTargetDependency section */

/* Begin XCBuildConfiguration section */
		943B9953287D21AC00307DE9 /* Debug */ = {
			isa = XCBuildConfiguration;
			buildSettings = {
				ALWAYS_SEARCH_USER_PATHS = NO;
				CLANG_ANALYZER_NONNULL = YES;
				CLANG_ANALYZER_NUMBER_OBJECT_CONVERSION = YES_AGGRESSIVE;
				CLANG_CXX_LANGUAGE_STANDARD = "gnu++17";
				CLANG_ENABLE_MODULES = YES;
				CLANG_ENABLE_OBJC_ARC = YES;
				CLANG_ENABLE_OBJC_WEAK = YES;
				CLANG_WARN_BLOCK_CAPTURE_AUTORELEASING = YES;
				CLANG_WARN_BOOL_CONVERSION = YES;
				CLANG_WARN_COMMA = YES;
				CLANG_WARN_CONSTANT_CONVERSION = YES;
				CLANG_WARN_DEPRECATED_OBJC_IMPLEMENTATIONS = YES;
				CLANG_WARN_DIRECT_OBJC_ISA_USAGE = YES_ERROR;
				CLANG_WARN_DOCUMENTATION_COMMENTS = YES;
				CLANG_WARN_EMPTY_BODY = YES;
				CLANG_WARN_ENUM_CONVERSION = YES;
				CLANG_WARN_INFINITE_RECURSION = YES;
				CLANG_WARN_INT_CONVERSION = YES;
				CLANG_WARN_NON_LITERAL_NULL_CONVERSION = YES;
				CLANG_WARN_OBJC_IMPLICIT_RETAIN_SELF = YES;
				CLANG_WARN_OBJC_LITERAL_CONVERSION = YES;
				CLANG_WARN_OBJC_ROOT_CLASS = YES_ERROR;
				CLANG_WARN_QUOTED_INCLUDE_IN_FRAMEWORK_HEADER = YES;
				CLANG_WARN_RANGE_LOOP_ANALYSIS = YES;
				CLANG_WARN_STRICT_PROTOTYPES = YES;
				CLANG_WARN_SUSPICIOUS_MOVE = YES;
				CLANG_WARN_UNGUARDED_AVAILABILITY = YES_AGGRESSIVE;
				CLANG_WARN_UNREACHABLE_CODE = YES;
				CLANG_WARN__DUPLICATE_METHOD_MATCH = YES;
				COPY_PHASE_STRIP = NO;
				DEBUG_INFORMATION_FORMAT = dwarf;
				ENABLE_STRICT_OBJC_MSGSEND = YES;
				ENABLE_TESTABILITY = YES;
				GCC_C_LANGUAGE_STANDARD = gnu11;
				GCC_DYNAMIC_NO_PIC = NO;
				GCC_NO_COMMON_BLOCKS = YES;
				GCC_OPTIMIZATION_LEVEL = 0;
				GCC_PREPROCESSOR_DEFINITIONS = (
					"DEBUG=1",
					"$(inherited)",
				);
				GCC_WARN_64_TO_32_BIT_CONVERSION = YES;
				GCC_WARN_ABOUT_RETURN_TYPE = YES_ERROR;
				GCC_WARN_UNDECLARED_SELECTOR = YES;
				GCC_WARN_UNINITIALIZED_AUTOS = YES_AGGRESSIVE;
				GCC_WARN_UNUSED_FUNCTION = YES;
				GCC_WARN_UNUSED_VARIABLE = YES;
				MACOSX_DEPLOYMENT_TARGET = 12.3;
				MTL_ENABLE_DEBUG_INFO = INCLUDE_SOURCE;
				MTL_FAST_MATH = YES;
				ONLY_ACTIVE_ARCH = YES;
				SDKROOT = macosx;
				SWIFT_ACTIVE_COMPILATION_CONDITIONS = DEBUG;
				SWIFT_OPTIMIZATION_LEVEL = "-Onone";
			};
			name = Debug;
		};
		943B9954287D21AC00307DE9 /* Release */ = {
			isa = XCBuildConfiguration;
			buildSettings = {
				ALWAYS_SEARCH_USER_PATHS = NO;
				CLANG_ANALYZER_NONNULL = YES;
				CLANG_ANALYZER_NUMBER_OBJECT_CONVERSION = YES_AGGRESSIVE;
				CLANG_CXX_LANGUAGE_STANDARD = "gnu++17";
				CLANG_ENABLE_MODULES = YES;
				CLANG_ENABLE_OBJC_ARC = YES;
				CLANG_ENABLE_OBJC_WEAK = YES;
				CLANG_WARN_BLOCK_CAPTURE_AUTORELEASING = YES;
				CLANG_WARN_BOOL_CONVERSION = YES;
				CLANG_WARN_COMMA = YES;
				CLANG_WARN_CONSTANT_CONVERSION = YES;
				CLANG_WARN_DEPRECATED_OBJC_IMPLEMENTATIONS = YES;
				CLANG_WARN_DIRECT_OBJC_ISA_USAGE = YES_ERROR;
				CLANG_WARN_DOCUMENTATION_COMMENTS = YES;
				CLANG_WARN_EMPTY_BODY = YES;
				CLANG_WARN_ENUM_CONVERSION = YES;
				CLANG_WARN_INFINITE_RECURSION = YES;
				CLANG_WARN_INT_CONVERSION = YES;
				CLANG_WARN_NON_LITERAL_NULL_CONVERSION = YES;
				CLANG_WARN_OBJC_IMPLICIT_RETAIN_SELF = YES;
				CLANG_WARN_OBJC_LITERAL_CONVERSION = YES;
				CLANG_WARN_OBJC_ROOT_CLASS = YES_ERROR;
				CLANG_WARN_QUOTED_INCLUDE_IN_FRAMEWORK_HEADER = YES;
				CLANG_WARN_RANGE_LOOP_ANALYSIS = YES;
				CLANG_WARN_STRICT_PROTOTYPES = YES;
				CLANG_WARN_SUSPICIOUS_MOVE = YES;
				CLANG_WARN_UNGUARDED_AVAILABILITY = YES_AGGRESSIVE;
				CLANG_WARN_UNREACHABLE_CODE = YES;
				CLANG_WARN__DUPLICATE_METHOD_MATCH = YES;
				COPY_PHASE_STRIP = NO;
				DEBUG_INFORMATION_FORMAT = "dwarf-with-dsym";
				ENABLE_NS_ASSERTIONS = NO;
				ENABLE_STRICT_OBJC_MSGSEND = YES;
				GCC_C_LANGUAGE_STANDARD = gnu11;
				GCC_NO_COMMON_BLOCKS = YES;
				GCC_WARN_64_TO_32_BIT_CONVERSION = YES;
				GCC_WARN_ABOUT_RETURN_TYPE = YES_ERROR;
				GCC_WARN_UNDECLARED_SELECTOR = YES;
				GCC_WARN_UNINITIALIZED_AUTOS = YES_AGGRESSIVE;
				GCC_WARN_UNUSED_FUNCTION = YES;
				GCC_WARN_UNUSED_VARIABLE = YES;
				MACOSX_DEPLOYMENT_TARGET = 12.3;
				MTL_ENABLE_DEBUG_INFO = NO;
				MTL_FAST_MATH = YES;
				SDKROOT = macosx;
				SWIFT_COMPILATION_MODE = wholemodule;
				SWIFT_OPTIMIZATION_LEVEL = "-O";
			};
			name = Release;
		};
		943B9956287D21AC00307DE9 /* Debug */ = {
			isa = XCBuildConfiguration;
			buildSettings = {
				ASSETCATALOG_COMPILER_APPICON_NAME = AppIcon;
				ASSETCATALOG_COMPILER_GLOBAL_ACCENT_COLOR_NAME = AccentColor;
				CODE_SIGN_ENTITLEMENTS = "Twenty20 Break Timer/Twenty20_Break_Timer.entitlements";
				CODE_SIGN_STYLE = Automatic;
				COMBINE_HIDPI_IMAGES = YES;
				CURRENT_PROJECT_VERSION = 1;
				DEVELOPMENT_ASSET_PATHS = "\"Twenty20 Break Timer/Preview Content\"";
				DEVELOPMENT_TEAM = 292Y542Y83;
				ENABLE_HARDENED_RUNTIME = YES;
				ENABLE_PREVIEWS = YES;
				GENERATE_INFOPLIST_FILE = YES;
				INFOPLIST_KEY_NSHumanReadableCopyright = "";
				LD_RUNPATH_SEARCH_PATHS = (
					"$(inherited)",
					"@executable_path/../Frameworks",
				);
				MACOSX_DEPLOYMENT_TARGET = 12.3;
				MARKETING_VERSION = 1.0;
				PRODUCT_BUNDLE_IDENTIFIER = "rawenger.Twenty20-Break-Timer";
				PRODUCT_NAME = "$(TARGET_NAME)";
				SWIFT_EMIT_LOC_STRINGS = YES;
				SWIFT_VERSION = 5.0;
			};
			name = Debug;
		};
		943B9957287D21AC00307DE9 /* Release */ = {
			isa = XCBuildConfiguration;
			buildSettings = {
				ASSETCATALOG_COMPILER_APPICON_NAME = AppIcon;
				ASSETCATALOG_COMPILER_GLOBAL_ACCENT_COLOR_NAME = AccentColor;
				CODE_SIGN_ENTITLEMENTS = "Twenty20 Break Timer/Twenty20_Break_Timer.entitlements";
				CODE_SIGN_STYLE = Automatic;
				COMBINE_HIDPI_IMAGES = YES;
				CURRENT_PROJECT_VERSION = 1;
				DEVELOPMENT_ASSET_PATHS = "\"Twenty20 Break Timer/Preview Content\"";
				DEVELOPMENT_TEAM = 292Y542Y83;
				ENABLE_HARDENED_RUNTIME = YES;
				ENABLE_PREVIEWS = YES;
				GENERATE_INFOPLIST_FILE = YES;
				INFOPLIST_KEY_NSHumanReadableCopyright = "";
				LD_RUNPATH_SEARCH_PATHS = (
					"$(inherited)",
					"@executable_path/../Frameworks",
				);
				MACOSX_DEPLOYMENT_TARGET = 12.3;
				MARKETING_VERSION = 1.0;
				PRODUCT_BUNDLE_IDENTIFIER = "rawenger.Twenty20-Break-Timer";
				PRODUCT_NAME = "$(TARGET_NAME)";
				SWIFT_EMIT_LOC_STRINGS = YES;
				SWIFT_VERSION = 5.0;
			};
			name = Release;
		};
		943B9959287D21AC00307DE9 /* Debug */ = {
			isa = XCBuildConfiguration;
			buildSettings = {
				ALWAYS_EMBED_SWIFT_STANDARD_LIBRARIES = YES;
				BUNDLE_LOADER = "$(TEST_HOST)";
				CODE_SIGN_STYLE = Automatic;
				CURRENT_PROJECT_VERSION = 1;
				DEVELOPMENT_TEAM = 292Y542Y83;
				GENERATE_INFOPLIST_FILE = YES;
				MACOSX_DEPLOYMENT_TARGET = 12.3;
				MARKETING_VERSION = 1.0;
				PRODUCT_BUNDLE_IDENTIFIER = "rawenger.Twenty20-Break-TimerTests";
				PRODUCT_NAME = "$(TARGET_NAME)";
				SWIFT_EMIT_LOC_STRINGS = NO;
				SWIFT_VERSION = 5.0;
				TEST_HOST = "$(BUILT_PRODUCTS_DIR)/Twenty20 Break Timer.app/Contents/MacOS/Twenty20 Break Timer";
			};
			name = Debug;
		};
		943B995A287D21AC00307DE9 /* Release */ = {
			isa = XCBuildConfiguration;
			buildSettings = {
				ALWAYS_EMBED_SWIFT_STANDARD_LIBRARIES = YES;
				BUNDLE_LOADER = "$(TEST_HOST)";
				CODE_SIGN_STYLE = Automatic;
				CURRENT_PROJECT_VERSION = 1;
				DEVELOPMENT_TEAM = 292Y542Y83;
				GENERATE_INFOPLIST_FILE = YES;
				MACOSX_DEPLOYMENT_TARGET = 12.3;
				MARKETING_VERSION = 1.0;
				PRODUCT_BUNDLE_IDENTIFIER = "rawenger.Twenty20-Break-TimerTests";
				PRODUCT_NAME = "$(TARGET_NAME)";
				SWIFT_EMIT_LOC_STRINGS = NO;
				SWIFT_VERSION = 5.0;
				TEST_HOST = "$(BUILT_PRODUCTS_DIR)/Twenty20 Break Timer.app/Contents/MacOS/Twenty20 Break Timer";
			};
			name = Release;
		};
		943B995C287D21AC00307DE9 /* Debug */ = {
			isa = XCBuildConfiguration;
			buildSettings = {
				ALWAYS_EMBED_SWIFT_STANDARD_LIBRARIES = YES;
				CODE_SIGN_STYLE = Automatic;
				CURRENT_PROJECT_VERSION = 1;
				DEVELOPMENT_TEAM = 292Y542Y83;
				GENERATE_INFOPLIST_FILE = YES;
				MARKETING_VERSION = 1.0;
				PRODUCT_BUNDLE_IDENTIFIER = "rawenger.Twenty20-Break-TimerUITests";
				PRODUCT_NAME = "$(TARGET_NAME)";
				SWIFT_EMIT_LOC_STRINGS = NO;
				SWIFT_VERSION = 5.0;
				TEST_TARGET_NAME = "Twenty20 Break Timer";
			};
			name = Debug;
		};
		943B995D287D21AC00307DE9 /* Release */ = {
			isa = XCBuildConfiguration;
			buildSettings = {
				ALWAYS_EMBED_SWIFT_STANDARD_LIBRARIES = YES;
				CODE_SIGN_STYLE = Automatic;
				CURRENT_PROJECT_VERSION = 1;
				DEVELOPMENT_TEAM = 292Y542Y83;
				GENERATE_INFOPLIST_FILE = YES;
				MARKETING_VERSION = 1.0;
				PRODUCT_BUNDLE_IDENTIFIER = "rawenger.Twenty20-Break-TimerUITests";
				PRODUCT_NAME = "$(TARGET_NAME)";
				SWIFT_EMIT_LOC_STRINGS = NO;
				SWIFT_VERSION = 5.0;
				TEST_TARGET_NAME = "Twenty20 Break Timer";
			};
			name = Release;
		};
/* End XCBuildConfiguration section */

/* Begin XCConfigurationList section */
		943B992B287D21AA00307DE9 /* Build configuration list for PBXProject "Twenty20 Break Timer" */ = {
			isa = XCConfigurationList;
			buildConfigurations = (
				943B9953287D21AC00307DE9 /* Debug */,
				943B9954287D21AC00307DE9 /* Release */,
			);
			defaultConfigurationIsVisible = 0;
			defaultConfigurationName = Release;
		};
		943B9955287D21AC00307DE9 /* Build configuration list for PBXNativeTarget "Twenty20 Break Timer" */ = {
			isa = XCConfigurationList;
			buildConfigurations = (
				943B9956287D21AC00307DE9 /* Debug */,
				943B9957287D21AC00307DE9 /* Release */,
			);
			defaultConfigurationIsVisible = 0;
			defaultConfigurationName = Release;
		};
		943B9958287D21AC00307DE9 /* Build configuration list for PBXNativeTarget "Twenty20 Break TimerTests" */ = {
			isa = XCConfigurationList;
			buildConfigurations = (
				943B9959287D21AC00307DE9 /* Debug */,
				943B995A287D21AC00307DE9 /* Release */,
			);
			defaultConfigurationIsVisible = 0;
			defaultConfigurationName = Release;
		};
		943B995B287D21AC00307DE9 /* Build configuration list for PBXNativeTarget "Twenty20 Break TimerUITests" */ = {
			isa = XCConfigurationList;
			buildConfigurations = (
				943B995C287D21AC00307DE9 /* Debug */,
				943B995D287D21AC00307DE9 /* Release */,
			);
			defaultConfigurationIsVisible = 0;
			defaultConfigurationName = Release;
		};
/* End XCConfigurationList section */
	};
	rootObject = 943B9928287D21AA00307DE9 /* Project object */;
}
